
Microsoft Visual Studio Solution File, Format Version 12.00
# Visual Studio Version 16
VisualStudioVersion = 16.0.30204.135
MinimumVisualStudioVersion = 10.0.40219.1
Project("{FAE04EC0-301F-11D3-BF4B-00C04F79EFBC}") = "BluetoothLEBatteryMonitor", "BluetoothLEBatteryMonitor\BluetoothLEBatteryMonitor.csproj", "{38C15347-DAC5-46F1-863D-251EF489BB59}"
EndProject
Global
	GlobalSection(SolutionConfigurationPlatforms) = preSolution
		Debug|Any CPU = Debug|Any CPU
		Release|Any CPU = Release|Any CPU
	EndGlobalSection
	GlobalSection(ProjectConfigurationPlatforms) = postSolution
		{38C15347-DAC5-46F1-863D-251EF489BB59}.Debug|Any CPU.ActiveCfg = Debug|Any CPU
		{38C15347-DAC5-46F1-863D-251EF489BB59}.Debug|Any CPU.Build.0 = Debug|Any CPU
		{38C15347-DAC5-46F1-863D-251EF489BB59}.Release|Any CPU.ActiveCfg = Release|Any CPU
		{38C15347-DAC5-46F1-863D-251EF489BB59}.Release|Any CPU.Build.0 = Release|Any CPU
	EndGlobalSection
	GlobalSection(SolutionProperties) = preSolution
		HideSolutionNode = FALSE
	EndGlobalSection
	GlobalSection(ExtensibilityGlobals) = postSolution
		SolutionGuid = {BDA883F4-6476-4D39-9BAD-A55616356B66}
	EndGlobalSection
EndGlobal
