
Microsoft Visual Studio Solution File, Format Version 12.00
# Visual Studio Version 16
VisualStudioVersion = 16.0.29424.173
MinimumVisualStudioVersion = 10.0.40219.1
Project("{FAE04EC0-301F-11D3-BF4B-00C04F79EFBC}") = "BluetoothLEBatteryMonitor", "BluetoothLEBatteryMonitor\BluetoothLEBatteryMonitor.csproj", "{4DB70A12-7105-42B4-95B2-24A14E41FE1F}"
EndProject
Global
	GlobalSection(SolutionConfigurationPlatforms) = preSolution
		Debug|Any CPU = Debug|Any CPU
		Release|Any CPU = Release|Any CPU
	EndGlobalSection
	GlobalSection(ProjectConfigurationPlatforms) = postSolution
		{4DB70A12-7105-42B4-95B2-24A14E41FE1F}.Debug|Any CPU.ActiveCfg = Debug|Any CPU
		{4DB70A12-7105-42B4-95B2-24A14E41FE1F}.Debug|Any CPU.Build.0 = Debug|Any CPU
		{4DB70A12-7105-42B4-95B2-24A14E41FE1F}.Release|Any CPU.ActiveCfg = Release|Any CPU
		{4DB70A12-7105-42B4-95B2-24A14E41FE1F}.Release|Any CPU.Build.0 = Release|Any CPU
	EndGlobalSection
	GlobalSection(SolutionProperties) = preSolution
		HideSolutionNode = FALSE
	EndGlobalSection
	GlobalSection(ExtensibilityGlobals) = postSolution
		SolutionGuid = {AE07EB56-46B8-4AF5-B7D5-91F81E44C3D1}
	EndGlobalSection
EndGlobal
